// !$*UTF8*$!
{
	archiveVersion = 1;
	classes = {
	};
	objectVersion = 46;
	objects = {

/* Begin PBXBuildFile section */
		15CF281DF8F7C0293FE56E02 /* Pods_dear.framework in Frameworks */ = {isa = PBXBuildFile; fileRef = 6A48E70C91AB463A84DB5F6F /* Pods_dear.framework */; };
		16848CEB1E5E7CF300EA15BE /* KeyboardObserver.swift in Sources */ = {isa = PBXBuildFile; fileRef = 16848CEA1E5E7CF300EA15BE /* KeyboardObserver.swift */; };
		B32F0F7D1E4E0BD300562F86 /* AppDelegate.swift in Sources */ = {isa = PBXBuildFile; fileRef = B32F0F7C1E4E0BD300562F86 /* AppDelegate.swift */; };
		B32F0F841E4E0BD300562F86 /* Assets.xcassets in Resources */ = {isa = PBXBuildFile; fileRef = B32F0F831E4E0BD300562F86 /* Assets.xcassets */; };
		B32F0F871E4E0BD300562F86 /* LaunchScreen.storyboard in Resources */ = {isa = PBXBuildFile; fileRef = B32F0F851E4E0BD300562F86 /* LaunchScreen.storyboard */; };
		B32F0F921E4E0BD300562F86 /* dearTests.swift in Sources */ = {isa = PBXBuildFile; fileRef = B32F0F911E4E0BD300562F86 /* dearTests.swift */; };
		B3377F1E1E520281001ABFE9 /* SideMenuViewController.swift in Sources */ = {isa = PBXBuildFile; fileRef = B3377F1D1E520281001ABFE9 /* SideMenuViewController.swift */; };
		B37353D21E51B800008B22D7 /* DateExtension.swift in Sources */ = {isa = PBXBuildFile; fileRef = B37353D11E51B800008B22D7 /* DateExtension.swift */; };
		B387CF611E6031EC001D881E /* NanumMyeongjo.otf in Resources */ = {isa = PBXBuildFile; fileRef = B387CF601E6031EC001D881E /* NanumMyeongjo.otf */; };
		B387CF641E60326F001D881E /* NanumMyeongjoBold.otf in Resources */ = {isa = PBXBuildFile; fileRef = B387CF621E60326F001D881E /* NanumMyeongjoBold.otf */; };
		B387CF651E60326F001D881E /* NanumMyeongjoExtraBold.otf in Resources */ = {isa = PBXBuildFile; fileRef = B387CF631E60326F001D881E /* NanumMyeongjoExtraBold.otf */; };
		B3ADF68F1E59DCFE00DB0174 /* NotificationManager.swift in Sources */ = {isa = PBXBuildFile; fileRef = B3ADF68E1E59DCFE00DB0174 /* NotificationManager.swift */; };
		B3D9D7B71E59F6FB00699DCD /* AlertHelper.swift in Sources */ = {isa = PBXBuildFile; fileRef = B3D9D7B61E59F6FB00699DCD /* AlertHelper.swift */; };
		B3E065341E536D40009B67A7 /* DataModel.swift in Sources */ = {isa = PBXBuildFile; fileRef = B3E065331E536D40009B67A7 /* DataModel.swift */; };
		B3E065361E537246009B67A7 /* DataSource.swift in Sources */ = {isa = PBXBuildFile; fileRef = B3E065351E537246009B67A7 /* DataSource.swift */; };
		D86C90076E761F83CB2B7425 /* TimelineWillItemCell.swift in Sources */ = {isa = PBXBuildFile; fileRef = D86C9FF94240360B8E719A85 /* TimelineWillItemCell.swift */; };
		D86C906EE82E13DEABB36457 /* ContentBaseViewController.swift in Sources */ = {isa = PBXBuildFile; fileRef = D86C9B2671E058EBF44FB0BA /* ContentBaseViewController.swift */; };
		D86C9102E1DA792AD686EFEF /* ConfigManager.swift in Sources */ = {isa = PBXBuildFile; fileRef = D86C99BE8FFDEA36300F9422 /* ConfigManager.swift */; };
		D86C93E26F7B5ABE22B59DEF /* WillItemViewController.swift in Sources */ = {isa = PBXBuildFile; fileRef = D86C97C9C0570F22D92F13FA /* WillItemViewController.swift */; };
		D86C941868EAD4216C270815 /* Photo.swift in Sources */ = {isa = PBXBuildFile; fileRef = D86C989EAADF697D50308A97 /* Photo.swift */; };
		D86C942DCCA6F29589BACD20 /* SignUpViewController.swift in Sources */ = {isa = PBXBuildFile; fileRef = D86C9ECC62F9C65C350B9FDE /* SignUpViewController.swift */; };
		D86C953118E2280259AE2653 /* UITableViewCellExtension.swift in Sources */ = {isa = PBXBuildFile; fileRef = D86C9348163543568AD90FCE /* UITableViewCellExtension.swift */; };
		D86C95487D63570544CF6829 /* ReadOnlyContnetViewController.swift in Sources */ = {isa = PBXBuildFile; fileRef = D86C91AF1F82A176A6A599FD /* ReadOnlyContnetViewController.swift */; };
		D86C955BF84F7A1712A4F904 /* ReadOnlyAnswerCell.swift in Sources */ = {isa = PBXBuildFile; fileRef = D86C9E598102BA9D423F7365 /* ReadOnlyAnswerCell.swift */; };
		D86C95A32DA32ADE97D3CD33 /* ReadyOnlyPasswordViewController.swift in Sources */ = {isa = PBXBuildFile; fileRef = D86C9ECB0EA8C9C18A9ABD59 /* ReadyOnlyPasswordViewController.swift */; };
		D86C961B9BC70664A0A94367 /* InputView.swift in Sources */ = {isa = PBXBuildFile; fileRef = D86C91E49229C094A24F3FC8 /* InputView.swift */; };
		D86C9651C6CB7AD0087AFB53 /* TimelineViewController.swift in Sources */ = {isa = PBXBuildFile; fileRef = D86C90B101C46C694ABF9EEA /* TimelineViewController.swift */; };
		D86C9689C85F2812C712E175 /* QuestionView.swift in Sources */ = {isa = PBXBuildFile; fileRef = D86C92F2DFAD778663F94D8C /* QuestionView.swift */; };
		D86C975CF7640EED8B13A69F /* ReadOnlyQuestionCell.swift in Sources */ = {isa = PBXBuildFile; fileRef = D86C9044656089049F213FB3 /* ReadOnlyQuestionCell.swift */; };
		D86C97B90B9F42A942241A21 /* SettingViewController.swift in Sources */ = {isa = PBXBuildFile; fileRef = D86C99838FE5E695F21761AA /* SettingViewController.swift */; };
		D86C98706763225275951D78 /* UIViewExtension.swift in Sources */ = {isa = PBXBuildFile; fileRef = D86C960BBC621E6940D971EA /* UIViewExtension.swift */; };
		D86C98D39DEE20C941557725 /* ReceiverSelectionView.swift in Sources */ = {isa = PBXBuildFile; fileRef = D86C945730DCE7FBC4608B81 /* ReceiverSelectionView.swift */; };
		D86C99A754807C1CFA108AB0 /* Style.swift in Sources */ = {isa = PBXBuildFile; fileRef = D86C97090AFA8B5364BF61AD /* Style.swift */; };
		D86C99D4150DF5263EB278A4 /* FIleManagerExtension.swift in Sources */ = {isa = PBXBuildFile; fileRef = D86C92DE988FD7BC5C07C1B1 /* FIleManagerExtension.swift */; };
		D86C9A109FEE17FD6C89FD3C /* AnswerDateCell.swift in Sources */ = {isa = PBXBuildFile; fileRef = D86C93110158751F24B21BE4 /* AnswerDateCell.swift */; };
		D86C9A7C0B21580A090EECBE /* UploadManager.swift in Sources */ = {isa = PBXBuildFile; fileRef = D86C92F213A4640C8715E693 /* UploadManager.swift */; };
		D86C9A7F5A62DBD2B2DDF6D4 /* PhotoAnswerCell.swift in Sources */ = {isa = PBXBuildFile; fileRef = D86C9300D95365432A664E0E /* PhotoAnswerCell.swift */; };
		D86C9ABA905A9A6C4772ABAE /* VideoViewer.swift in Sources */ = {isa = PBXBuildFile; fileRef = D86C929C89B18C22FF94E7C9 /* VideoViewer.swift */; };
		D86C9ABAAE36D512B38C74FC /* UIColorExtension.swift in Sources */ = {isa = PBXBuildFile; fileRef = D86C9FE730136671E3B0457B /* UIColorExtension.swift */; };
		D86C9AE41B04F94050CFC9AD /* APIManager.swift in Sources */ = {isa = PBXBuildFile; fileRef = D86C9046F26909F3F0CCDE81 /* APIManager.swift */; };
		D86C9B10620D074D408E11BA /* CheckPhoneNumberViewController.swift in Sources */ = {isa = PBXBuildFile; fileRef = D86C9868805AEF9C6D038A37 /* CheckPhoneNumberViewController.swift */; };
		D86C9D7CF3D647F28A1F79F8 /* SignInViewController.swift in Sources */ = {isa = PBXBuildFile; fileRef = D86C9FA3569F4B6D52E7B4D2 /* SignInViewController.swift */; };
		D86C9E294B377B907F68447B /* UIWindowExtension.swift in Sources */ = {isa = PBXBuildFile; fileRef = D86C90743BA33E536BEC6B74 /* UIWindowExtension.swift */; };
		D86C9E556F78C7736113558F /* ReadOnlyDeceasedProfileCell.swift in Sources */ = {isa = PBXBuildFile; fileRef = D86C9A37A6AF3657F6FBB595 /* ReadOnlyDeceasedProfileCell.swift */; };
		D86C9E6A8608C4EDE5F42A4D /* ResultExtension.swift in Sources */ = {isa = PBXBuildFile; fileRef = D86C92A510D23ABE3D45109E /* ResultExtension.swift */; };
		D86C9EC5BFB4329ABA218655 /* StringExtension.swift in Sources */ = {isa = PBXBuildFile; fileRef = D86C90A55F116E5A6FDFB7F4 /* StringExtension.swift */; };
		D86C9ED2C2F5BFF1917EC6FF /* IntroViewController.swift in Sources */ = {isa = PBXBuildFile; fileRef = D86C90BA57EFAE921DFF9A54 /* IntroViewController.swift */; };
		D86C9F83E51EB845F506139C /* TextAnswerCell.swift in Sources */ = {isa = PBXBuildFile; fileRef = D86C97D01A83EC2F13D382AC /* TextAnswerCell.swift */; };
		EAF5E92856FB232AFEEBC363 /* Pods_dearTests.framework in Frameworks */ = {isa = PBXBuildFile; fileRef = 400A8C2F4EC5ADE895FA54C8 /* Pods_dearTests.framework */; };
/* End PBXBuildFile section */

/* Begin PBXContainerItemProxy section */
		B32F0F8E1E4E0BD300562F86 /* PBXContainerItemProxy */ = {
			isa = PBXContainerItemProxy;
			containerPortal = B32F0F711E4E0BD300562F86 /* Project object */;
			proxyType = 1;
			remoteGlobalIDString = B32F0F781E4E0BD300562F86;
			remoteInfo = dear;
		};
/* End PBXContainerItemProxy section */

/* Begin PBXFileReference section */
		16848CEA1E5E7CF300EA15BE /* KeyboardObserver.swift */ = {isa = PBXFileReference; fileEncoding = 4; lastKnownFileType = sourcecode.swift; path = KeyboardObserver.swift; sourceTree = "<group>"; };
		182203C0668201E466FD0B43 /* Pods-dearTests.release.xcconfig */ = {isa = PBXFileReference; includeInIndex = 1; lastKnownFileType = text.xcconfig; name = "Pods-dearTests.release.xcconfig"; path = "Pods/Target Support Files/Pods-dearTests/Pods-dearTests.release.xcconfig"; sourceTree = "<group>"; };
		400A8C2F4EC5ADE895FA54C8 /* Pods_dearTests.framework */ = {isa = PBXFileReference; explicitFileType = wrapper.framework; includeInIndex = 0; path = Pods_dearTests.framework; sourceTree = BUILT_PRODUCTS_DIR; };
		6A48E70C91AB463A84DB5F6F /* Pods_dear.framework */ = {isa = PBXFileReference; explicitFileType = wrapper.framework; includeInIndex = 0; path = Pods_dear.framework; sourceTree = BUILT_PRODUCTS_DIR; };
		7E47C680BBD37BCCB176E669 /* Pods-dear.release.xcconfig */ = {isa = PBXFileReference; includeInIndex = 1; lastKnownFileType = text.xcconfig; name = "Pods-dear.release.xcconfig"; path = "Pods/Target Support Files/Pods-dear/Pods-dear.release.xcconfig"; sourceTree = "<group>"; };
		8400F4813FACD7E9ED3C7F91 /* Pods-dearTests.debug.xcconfig */ = {isa = PBXFileReference; includeInIndex = 1; lastKnownFileType = text.xcconfig; name = "Pods-dearTests.debug.xcconfig"; path = "Pods/Target Support Files/Pods-dearTests/Pods-dearTests.debug.xcconfig"; sourceTree = "<group>"; };
		8D035A75DF133A418D3FABA6 /* Pods-dear.debug.xcconfig */ = {isa = PBXFileReference; includeInIndex = 1; lastKnownFileType = text.xcconfig; name = "Pods-dear.debug.xcconfig"; path = "Pods/Target Support Files/Pods-dear/Pods-dear.debug.xcconfig"; sourceTree = "<group>"; };
		B32F0F791E4E0BD300562F86 /* dear.app */ = {isa = PBXFileReference; explicitFileType = wrapper.application; includeInIndex = 0; path = dear.app; sourceTree = BUILT_PRODUCTS_DIR; };
		B32F0F7C1E4E0BD300562F86 /* AppDelegate.swift */ = {isa = PBXFileReference; lastKnownFileType = sourcecode.swift; path = AppDelegate.swift; sourceTree = "<group>"; };
		B32F0F831E4E0BD300562F86 /* Assets.xcassets */ = {isa = PBXFileReference; lastKnownFileType = folder.assetcatalog; path = Assets.xcassets; sourceTree = "<group>"; };
		B32F0F861E4E0BD300562F86 /* Base */ = {isa = PBXFileReference; lastKnownFileType = file.storyboard; name = Base; path = Base.lproj/LaunchScreen.storyboard; sourceTree = "<group>"; };
		B32F0F881E4E0BD300562F86 /* Info.plist */ = {isa = PBXFileReference; lastKnownFileType = text.plist.xml; path = Info.plist; sourceTree = "<group>"; };
		B32F0F8D1E4E0BD300562F86 /* dearTests.xctest */ = {isa = PBXFileReference; explicitFileType = wrapper.cfbundle; includeInIndex = 0; path = dearTests.xctest; sourceTree = BUILT_PRODUCTS_DIR; };
		B32F0F911E4E0BD300562F86 /* dearTests.swift */ = {isa = PBXFileReference; lastKnownFileType = sourcecode.swift; path = dearTests.swift; sourceTree = "<group>"; };
		B32F0F931E4E0BD300562F86 /* Info.plist */ = {isa = PBXFileReference; lastKnownFileType = text.plist.xml; path = Info.plist; sourceTree = "<group>"; };
		B3377F1D1E520281001ABFE9 /* SideMenuViewController.swift */ = {isa = PBXFileReference; fileEncoding = 4; lastKnownFileType = sourcecode.swift; path = SideMenuViewController.swift; sourceTree = "<group>"; };
		B37353D11E51B800008B22D7 /* DateExtension.swift */ = {isa = PBXFileReference; fileEncoding = 4; lastKnownFileType = sourcecode.swift; name = DateExtension.swift; path = ../DateExtension.swift; sourceTree = "<group>"; };
		B387CF601E6031EC001D881E /* NanumMyeongjo.otf */ = {isa = PBXFileReference; lastKnownFileType = file; path = NanumMyeongjo.otf; sourceTree = "<group>"; };
		B387CF621E60326F001D881E /* NanumMyeongjoBold.otf */ = {isa = PBXFileReference; lastKnownFileType = file; path = NanumMyeongjoBold.otf; sourceTree = "<group>"; };
		B387CF631E60326F001D881E /* NanumMyeongjoExtraBold.otf */ = {isa = PBXFileReference; lastKnownFileType = file; path = NanumMyeongjoExtraBold.otf; sourceTree = "<group>"; };
		B3ADF68E1E59DCFE00DB0174 /* NotificationManager.swift */ = {isa = PBXFileReference; fileEncoding = 4; lastKnownFileType = sourcecode.swift; path = NotificationManager.swift; sourceTree = "<group>"; };
		B3ADF6901E59E36000DB0174 /* dear.entitlements */ = {isa = PBXFileReference; lastKnownFileType = text.plist.entitlements; path = dear.entitlements; sourceTree = "<group>"; };
		B3D9D7B61E59F6FB00699DCD /* AlertHelper.swift */ = {isa = PBXFileReference; fileEncoding = 4; lastKnownFileType = sourcecode.swift; path = AlertHelper.swift; sourceTree = "<group>"; };
		B3E065331E536D40009B67A7 /* DataModel.swift */ = {isa = PBXFileReference; fileEncoding = 4; lastKnownFileType = sourcecode.swift; path = DataModel.swift; sourceTree = "<group>"; };
		B3E065351E537246009B67A7 /* DataSource.swift */ = {isa = PBXFileReference; fileEncoding = 4; lastKnownFileType = sourcecode.swift; path = DataSource.swift; sourceTree = "<group>"; };
		D86C9044656089049F213FB3 /* ReadOnlyQuestionCell.swift */ = {isa = PBXFileReference; fileEncoding = 4; lastKnownFileType = sourcecode.swift; path = ReadOnlyQuestionCell.swift; sourceTree = "<group>"; };
		D86C9046F26909F3F0CCDE81 /* APIManager.swift */ = {isa = PBXFileReference; fileEncoding = 4; lastKnownFileType = sourcecode.swift; path = APIManager.swift; sourceTree = "<group>"; };
		D86C90743BA33E536BEC6B74 /* UIWindowExtension.swift */ = {isa = PBXFileReference; fileEncoding = 4; lastKnownFileType = sourcecode.swift; path = UIWindowExtension.swift; sourceTree = "<group>"; };
		D86C90A55F116E5A6FDFB7F4 /* StringExtension.swift */ = {isa = PBXFileReference; fileEncoding = 4; lastKnownFileType = sourcecode.swift; path = StringExtension.swift; sourceTree = "<group>"; };
		D86C90B101C46C694ABF9EEA /* TimelineViewController.swift */ = {isa = PBXFileReference; fileEncoding = 4; lastKnownFileType = sourcecode.swift; path = TimelineViewController.swift; sourceTree = "<group>"; };
		D86C90BA57EFAE921DFF9A54 /* IntroViewController.swift */ = {isa = PBXFileReference; fileEncoding = 4; lastKnownFileType = sourcecode.swift; path = IntroViewController.swift; sourceTree = "<group>"; };
		D86C91AF1F82A176A6A599FD /* ReadOnlyContnetViewController.swift */ = {isa = PBXFileReference; fileEncoding = 4; lastKnownFileType = sourcecode.swift; path = ReadOnlyContnetViewController.swift; sourceTree = "<group>"; };
		D86C91E49229C094A24F3FC8 /* InputView.swift */ = {isa = PBXFileReference; fileEncoding = 4; lastKnownFileType = sourcecode.swift; path = InputView.swift; sourceTree = "<group>"; };
		D86C929C89B18C22FF94E7C9 /* VideoViewer.swift */ = {isa = PBXFileReference; fileEncoding = 4; lastKnownFileType = sourcecode.swift; path = VideoViewer.swift; sourceTree = "<group>"; };
		D86C92A510D23ABE3D45109E /* ResultExtension.swift */ = {isa = PBXFileReference; fileEncoding = 4; lastKnownFileType = sourcecode.swift; path = ResultExtension.swift; sourceTree = "<group>"; };
		D86C92DE988FD7BC5C07C1B1 /* FIleManagerExtension.swift */ = {isa = PBXFileReference; fileEncoding = 4; lastKnownFileType = sourcecode.swift; path = FIleManagerExtension.swift; sourceTree = "<group>"; };
		D86C92F213A4640C8715E693 /* UploadManager.swift */ = {isa = PBXFileReference; fileEncoding = 4; lastKnownFileType = sourcecode.swift; path = UploadManager.swift; sourceTree = "<group>"; };
		D86C92F2DFAD778663F94D8C /* QuestionView.swift */ = {isa = PBXFileReference; fileEncoding = 4; lastKnownFileType = sourcecode.swift; path = QuestionView.swift; sourceTree = "<group>"; };
		D86C9300D95365432A664E0E /* PhotoAnswerCell.swift */ = {isa = PBXFileReference; fileEncoding = 4; lastKnownFileType = sourcecode.swift; name = PhotoAnswerCell.swift; path = MessageList/PhotoAnswerCell.swift; sourceTree = "<group>"; };
		D86C93110158751F24B21BE4 /* AnswerDateCell.swift */ = {isa = PBXFileReference; fileEncoding = 4; lastKnownFileType = sourcecode.swift; path = AnswerDateCell.swift; sourceTree = "<group>"; };
		D86C9348163543568AD90FCE /* UITableViewCellExtension.swift */ = {isa = PBXFileReference; fileEncoding = 4; lastKnownFileType = sourcecode.swift; path = UITableViewCellExtension.swift; sourceTree = "<group>"; };
		D86C945730DCE7FBC4608B81 /* ReceiverSelectionView.swift */ = {isa = PBXFileReference; fileEncoding = 4; lastKnownFileType = sourcecode.swift; path = ReceiverSelectionView.swift; sourceTree = "<group>"; };
		D86C960BBC621E6940D971EA /* UIViewExtension.swift */ = {isa = PBXFileReference; fileEncoding = 4; lastKnownFileType = sourcecode.swift; path = UIViewExtension.swift; sourceTree = "<group>"; };
		D86C97090AFA8B5364BF61AD /* Style.swift */ = {isa = PBXFileReference; fileEncoding = 4; lastKnownFileType = sourcecode.swift; path = Style.swift; sourceTree = "<group>"; };
		D86C97C9C0570F22D92F13FA /* WillItemViewController.swift */ = {isa = PBXFileReference; fileEncoding = 4; lastKnownFileType = sourcecode.swift; path = WillItemViewController.swift; sourceTree = "<group>"; };
		D86C97D01A83EC2F13D382AC /* TextAnswerCell.swift */ = {isa = PBXFileReference; fileEncoding = 4; lastKnownFileType = sourcecode.swift; path = TextAnswerCell.swift; sourceTree = "<group>"; };
		D86C9868805AEF9C6D038A37 /* CheckPhoneNumberViewController.swift */ = {isa = PBXFileReference; fileEncoding = 4; lastKnownFileType = sourcecode.swift; path = CheckPhoneNumberViewController.swift; sourceTree = "<group>"; };
		D86C989EAADF697D50308A97 /* Photo.swift */ = {isa = PBXFileReference; fileEncoding = 4; lastKnownFileType = sourcecode.swift; path = Photo.swift; sourceTree = "<group>"; };
		D86C99838FE5E695F21761AA /* SettingViewController.swift */ = {isa = PBXFileReference; fileEncoding = 4; lastKnownFileType = sourcecode.swift; path = SettingViewController.swift; sourceTree = "<group>"; };
		D86C99BE8FFDEA36300F9422 /* ConfigManager.swift */ = {isa = PBXFileReference; fileEncoding = 4; lastKnownFileType = sourcecode.swift; path = ConfigManager.swift; sourceTree = "<group>"; };
		D86C9A37A6AF3657F6FBB595 /* ReadOnlyDeceasedProfileCell.swift */ = {isa = PBXFileReference; fileEncoding = 4; lastKnownFileType = sourcecode.swift; path = ReadOnlyDeceasedProfileCell.swift; sourceTree = "<group>"; };
		D86C9B2671E058EBF44FB0BA /* ContentBaseViewController.swift */ = {isa = PBXFileReference; fileEncoding = 4; lastKnownFileType = sourcecode.swift; path = ContentBaseViewController.swift; sourceTree = "<group>"; };
		D86C9E598102BA9D423F7365 /* ReadOnlyAnswerCell.swift */ = {isa = PBXFileReference; fileEncoding = 4; lastKnownFileType = sourcecode.swift; path = ReadOnlyAnswerCell.swift; sourceTree = "<group>"; };
		D86C9ECB0EA8C9C18A9ABD59 /* ReadyOnlyPasswordViewController.swift */ = {isa = PBXFileReference; fileEncoding = 4; lastKnownFileType = sourcecode.swift; path = ReadyOnlyPasswordViewController.swift; sourceTree = "<group>"; };
		D86C9ECC62F9C65C350B9FDE /* SignUpViewController.swift */ = {isa = PBXFileReference; fileEncoding = 4; lastKnownFileType = sourcecode.swift; path = SignUpViewController.swift; sourceTree = "<group>"; };
		D86C9FA3569F4B6D52E7B4D2 /* SignInViewController.swift */ = {isa = PBXFileReference; fileEncoding = 4; lastKnownFileType = sourcecode.swift; path = SignInViewController.swift; sourceTree = "<group>"; };
		D86C9FE730136671E3B0457B /* UIColorExtension.swift */ = {isa = PBXFileReference; fileEncoding = 4; lastKnownFileType = sourcecode.swift; path = UIColorExtension.swift; sourceTree = "<group>"; };
		D86C9FF94240360B8E719A85 /* TimelineWillItemCell.swift */ = {isa = PBXFileReference; fileEncoding = 4; lastKnownFileType = sourcecode.swift; path = TimelineWillItemCell.swift; sourceTree = "<group>"; };
		E09043D320DD25DB25752A3B /* Pods-dearTests.adhoc.xcconfig */ = {isa = PBXFileReference; includeInIndex = 1; lastKnownFileType = text.xcconfig; name = "Pods-dearTests.adhoc.xcconfig"; path = "Pods/Target Support Files/Pods-dearTests/Pods-dearTests.adhoc.xcconfig"; sourceTree = "<group>"; };
		FEBDB65FC6581244E8ACE678 /* Pods-dear.adhoc.xcconfig */ = {isa = PBXFileReference; includeInIndex = 1; lastKnownFileType = text.xcconfig; name = "Pods-dear.adhoc.xcconfig"; path = "Pods/Target Support Files/Pods-dear/Pods-dear.adhoc.xcconfig"; sourceTree = "<group>"; };
/* End PBXFileReference section */

/* Begin PBXFrameworksBuildPhase section */
		B32F0F761E4E0BD300562F86 /* Frameworks */ = {
			isa = PBXFrameworksBuildPhase;
			buildActionMask = 2147483647;
			files = (
				15CF281DF8F7C0293FE56E02 /* Pods_dear.framework in Frameworks */,
			);
			runOnlyForDeploymentPostprocessing = 0;
		};
		B32F0F8A1E4E0BD300562F86 /* Frameworks */ = {
			isa = PBXFrameworksBuildPhase;
			buildActionMask = 2147483647;
			files = (
				EAF5E92856FB232AFEEBC363 /* Pods_dearTests.framework in Frameworks */,
			);
			runOnlyForDeploymentPostprocessing = 0;
		};
/* End PBXFrameworksBuildPhase section */

/* Begin PBXGroup section */
		3CAC3F3C05BEC58DD83CDA67 /* Frameworks */ = {
			isa = PBXGroup;
			children = (
				6A48E70C91AB463A84DB5F6F /* Pods_dear.framework */,
				400A8C2F4EC5ADE895FA54C8 /* Pods_dearTests.framework */,
			);
			name = Frameworks;
			sourceTree = "<group>";
		};
		98A6F770A886BEC913FB4DDB /* Pods */ = {
			isa = PBXGroup;
			children = (
				8D035A75DF133A418D3FABA6 /* Pods-dear.debug.xcconfig */,
				7E47C680BBD37BCCB176E669 /* Pods-dear.release.xcconfig */,
				8400F4813FACD7E9ED3C7F91 /* Pods-dearTests.debug.xcconfig */,
				182203C0668201E466FD0B43 /* Pods-dearTests.release.xcconfig */,
				FEBDB65FC6581244E8ACE678 /* Pods-dear.adhoc.xcconfig */,
				E09043D320DD25DB25752A3B /* Pods-dearTests.adhoc.xcconfig */,
			);
			name = Pods;
			sourceTree = "<group>";
		};
		B32F0F701E4E0BD300562F86 = {
			isa = PBXGroup;
			children = (
				B32F0F7B1E4E0BD300562F86 /* dear */,
				B32F0F901E4E0BD300562F86 /* dearTests */,
				B32F0F7A1E4E0BD300562F86 /* Products */,
				98A6F770A886BEC913FB4DDB /* Pods */,
				3CAC3F3C05BEC58DD83CDA67 /* Frameworks */,
			);
			sourceTree = "<group>";
		};
		B32F0F7A1E4E0BD300562F86 /* Products */ = {
			isa = PBXGroup;
			children = (
				B32F0F791E4E0BD300562F86 /* dear.app */,
				B32F0F8D1E4E0BD300562F86 /* dearTests.xctest */,
			);
			name = Products;
			sourceTree = "<group>";
		};
		B32F0F7B1E4E0BD300562F86 /* dear */ = {
			isa = PBXGroup;
			children = (
				B387CF5F1E6031DF001D881E /* Resource */,
				B3ADF6901E59E36000DB0174 /* dear.entitlements */,
				B3E0652E1E536770009B67A7 /* Datasource */,
				B3377F1C1E520276001ABFE9 /* SideMenu */,
				B3377F231E52F718001ABFE9 /* Utility */,
				B32F0F7C1E4E0BD300562F86 /* AppDelegate.swift */,
				B32F0F831E4E0BD300562F86 /* Assets.xcassets */,
				B32F0F851E4E0BD300562F86 /* LaunchScreen.storyboard */,
				B32F0F881E4E0BD300562F86 /* Info.plist */,
				D86C9B73FA66EC6CC7135E53 /* Intro */,
				D86C9F9BE493F445CF264818 /* SignIn */,
				D86C9B360B92996274DFAD3E /* ContentList */,
				D86C9C0BCAECFEFAA42006BA /* ReadOnlyMode */,
				D86C9F88E6464DE01C8EDE84 /* PhotoViewer */,
				D86C9D07103D668E21879F3C /* VideoViewer */,
			);
			path = dear;
			sourceTree = "<group>";
		};
		B32F0F901E4E0BD300562F86 /* dearTests */ = {
			isa = PBXGroup;
			children = (
				B32F0F911E4E0BD300562F86 /* dearTests.swift */,
				B32F0F931E4E0BD300562F86 /* Info.plist */,
			);
			path = dearTests;
			sourceTree = "<group>";
		};
		B3377F1C1E520276001ABFE9 /* SideMenu */ = {
			isa = PBXGroup;
			children = (
				B3377F1D1E520281001ABFE9 /* SideMenuViewController.swift */,
				D86C99838FE5E695F21761AA /* SettingViewController.swift */,
			);
			name = SideMenu;
			sourceTree = "<group>";
		};
		B3377F231E52F718001ABFE9 /* Utility */ = {
			isa = PBXGroup;
			children = (
				D86C9046F26909F3F0CCDE81 /* APIManager.swift */,
				B37353D11E51B800008B22D7 /* DateExtension.swift */,
				B3ADF68E1E59DCFE00DB0174 /* NotificationManager.swift */,
				B3D9D7B61E59F6FB00699DCD /* AlertHelper.swift */,
				D86C9FE730136671E3B0457B /* UIColorExtension.swift */,
				D86C9348163543568AD90FCE /* UITableViewCellExtension.swift */,
				D86C90743BA33E536BEC6B74 /* UIWindowExtension.swift */,
				D86C92DE988FD7BC5C07C1B1 /* FIleManagerExtension.swift */,
				D86C92F213A4640C8715E693 /* UploadManager.swift */,
				16848CEA1E5E7CF300EA15BE /* KeyboardObserver.swift */,
				D86C92A510D23ABE3D45109E /* ResultExtension.swift */,
				D86C97090AFA8B5364BF61AD /* Style.swift */,
				D86C90A55F116E5A6FDFB7F4 /* StringExtension.swift */,
				D86C960BBC621E6940D971EA /* UIViewExtension.swift */,
			);
			name = Utility;
			sourceTree = "<group>";
		};
		B387CF5F1E6031DF001D881E /* Resource */ = {
			isa = PBXGroup;
			children = (
				B387CF601E6031EC001D881E /* NanumMyeongjo.otf */,
				B387CF621E60326F001D881E /* NanumMyeongjoBold.otf */,
				B387CF631E60326F001D881E /* NanumMyeongjoExtraBold.otf */,
			);
			name = Resource;
			sourceTree = "<group>";
		};
		B3E0652E1E536770009B67A7 /* Datasource */ = {
			isa = PBXGroup;
			children = (
				B3E065331E536D40009B67A7 /* DataModel.swift */,
				B3E065351E537246009B67A7 /* DataSource.swift */,
				D86C99BE8FFDEA36300F9422 /* ConfigManager.swift */,
			);
			name = Datasource;
			sourceTree = "<group>";
		};
		D86C96ACFEE3D1CEE5C1AD77 /* View */ = {
			isa = PBXGroup;
			children = (
				D86C9A37A6AF3657F6FBB595 /* ReadOnlyDeceasedProfileCell.swift */,
				D86C9044656089049F213FB3 /* ReadOnlyQuestionCell.swift */,
				D86C9E598102BA9D423F7365 /* ReadOnlyAnswerCell.swift */,
			);
			name = View;
			sourceTree = "<group>";
		};
		D86C98888ABD2B2A594BA6FC /* View */ = {
			isa = PBXGroup;
			children = (
				D86C9300D95365432A664E0E /* PhotoAnswerCell.swift */,
				D86C92F2DFAD778663F94D8C /* QuestionView.swift */,
				D86C91E49229C094A24F3FC8 /* InputView.swift */,
				D86C97D01A83EC2F13D382AC /* TextAnswerCell.swift */,
				D86C9FF94240360B8E719A85 /* TimelineWillItemCell.swift */,
				D86C945730DCE7FBC4608B81 /* ReceiverSelectionView.swift */,
				D86C93110158751F24B21BE4 /* AnswerDateCell.swift */,
			);
			name = View;
			sourceTree = "<group>";
		};
		D86C9B360B92996274DFAD3E /* ContentList */ = {
			isa = PBXGroup;
			children = (
				D86C9B2671E058EBF44FB0BA /* ContentBaseViewController.swift */,
				D86C97C9C0570F22D92F13FA /* WillItemViewController.swift */,
				D86C90B101C46C694ABF9EEA /* TimelineViewController.swift */,
				D86C98888ABD2B2A594BA6FC /* View */,
			);
			name = ContentList;
			sourceTree = "<group>";
		};
		D86C9B73FA66EC6CC7135E53 /* Intro */ = {
			isa = PBXGroup;
			children = (
				D86C90BA57EFAE921DFF9A54 /* IntroViewController.swift */,
			);
			name = Intro;
			sourceTree = "<group>";
		};
		D86C9C0BCAECFEFAA42006BA /* ReadOnlyMode */ = {
			isa = PBXGroup;
			children = (
				D86C9ECB0EA8C9C18A9ABD59 /* ReadyOnlyPasswordViewController.swift */,
				D86C91AF1F82A176A6A599FD /* ReadOnlyContnetViewController.swift */,
				D86C96ACFEE3D1CEE5C1AD77 /* View */,
			);
			name = ReadOnlyMode;
			sourceTree = "<group>";
		};
		D86C9D07103D668E21879F3C /* VideoViewer */ = {
			isa = PBXGroup;
			children = (
				D86C929C89B18C22FF94E7C9 /* VideoViewer.swift */,
			);
			name = VideoViewer;
			sourceTree = "<group>";
		};
		D86C9F88E6464DE01C8EDE84 /* PhotoViewer */ = {
			isa = PBXGroup;
			children = (
				D86C989EAADF697D50308A97 /* Photo.swift */,
			);
			name = PhotoViewer;
			sourceTree = "<group>";
		};
		D86C9F9BE493F445CF264818 /* SignIn */ = {
			isa = PBXGroup;
			children = (
				D86C9868805AEF9C6D038A37 /* CheckPhoneNumberViewController.swift */,
				D86C9ECC62F9C65C350B9FDE /* SignUpViewController.swift */,
				D86C9FA3569F4B6D52E7B4D2 /* SignInViewController.swift */,
			);
			name = SignIn;
			sourceTree = "<group>";
		};
/* End PBXGroup section */

/* Begin PBXNativeTarget section */
		B32F0F781E4E0BD300562F86 /* dear */ = {
			isa = PBXNativeTarget;
			buildConfigurationList = B32F0F961E4E0BD300562F86 /* Build configuration list for PBXNativeTarget "dear" */;
			buildPhases = (
				BA74EDBD4F72E445C2A9FABA /* [CP] Check Pods Manifest.lock */,
				B32F0F751E4E0BD300562F86 /* Sources */,
				B32F0F761E4E0BD300562F86 /* Frameworks */,
				B32F0F771E4E0BD300562F86 /* Resources */,
				8687C3E0E7CC4FCD5A8EAB38 /* [CP] Embed Pods Frameworks */,
				3491038B0D53AE5679D26037 /* [CP] Copy Pods Resources */,
				B32F0F9C1E4E0C5A00562F86 /* ShellScript */,
			);
			buildRules = (
			);
			dependencies = (
			);
			name = dear;
			productName = dear;
			productReference = B32F0F791E4E0BD300562F86 /* dear.app */;
			productType = "com.apple.product-type.application";
		};
		B32F0F8C1E4E0BD300562F86 /* dearTests */ = {
			isa = PBXNativeTarget;
			buildConfigurationList = B32F0F991E4E0BD300562F86 /* Build configuration list for PBXNativeTarget "dearTests" */;
			buildPhases = (
				B6E8C0F6FC7391D18EF2C806 /* [CP] Check Pods Manifest.lock */,
				B32F0F891E4E0BD300562F86 /* Sources */,
				B32F0F8A1E4E0BD300562F86 /* Frameworks */,
				B32F0F8B1E4E0BD300562F86 /* Resources */,
				CBB6435298261DCD7A274E43 /* [CP] Embed Pods Frameworks */,
				CCA6657CB1BB3084E8650EC3 /* [CP] Copy Pods Resources */,
			);
			buildRules = (
			);
			dependencies = (
				B32F0F8F1E4E0BD300562F86 /* PBXTargetDependency */,
			);
			name = dearTests;
			productName = dearTests;
			productReference = B32F0F8D1E4E0BD300562F86 /* dearTests.xctest */;
			productType = "com.apple.product-type.bundle.unit-test";
		};
/* End PBXNativeTarget section */

/* Begin PBXProject section */
		B32F0F711E4E0BD300562F86 /* Project object */ = {
			isa = PBXProject;
			attributes = {
				LastSwiftUpdateCheck = 0810;
				LastUpgradeCheck = 0810;
				ORGANIZATIONNAME = sicamp;
				TargetAttributes = {
					B32F0F781E4E0BD300562F86 = {
						CreatedOnToolsVersion = 8.1;
						DevelopmentTeam = 3KJGH5B54Q;
						ProvisioningStyle = Manual;
						SystemCapabilities = {
							com.apple.Push = {
								enabled = 1;
							};
						};
					};
					B32F0F8C1E4E0BD300562F86 = {
						CreatedOnToolsVersion = 8.1;
						DevelopmentTeam = 3KJGH5B54Q;
						ProvisioningStyle = Automatic;
						TestTargetID = B32F0F781E4E0BD300562F86;
					};
				};
			};
			buildConfigurationList = B32F0F741E4E0BD300562F86 /* Build configuration list for PBXProject "dear" */;
			compatibilityVersion = "Xcode 3.2";
			developmentRegion = English;
			hasScannedForEncodings = 0;
			knownRegions = (
				en,
				Base,
			);
			mainGroup = B32F0F701E4E0BD300562F86;
			productRefGroup = B32F0F7A1E4E0BD300562F86 /* Products */;
			projectDirPath = "";
			projectRoot = "";
			targets = (
				B32F0F781E4E0BD300562F86 /* dear */,
				B32F0F8C1E4E0BD300562F86 /* dearTests */,
			);
		};
/* End PBXProject section */

/* Begin PBXResourcesBuildPhase section */
		B32F0F771E4E0BD300562F86 /* Resources */ = {
			isa = PBXResourcesBuildPhase;
			buildActionMask = 2147483647;
			files = (
				B387CF641E60326F001D881E /* NanumMyeongjoBold.otf in Resources */,
				B387CF611E6031EC001D881E /* NanumMyeongjo.otf in Resources */,
				B387CF651E60326F001D881E /* NanumMyeongjoExtraBold.otf in Resources */,
				B32F0F871E4E0BD300562F86 /* LaunchScreen.storyboard in Resources */,
				B32F0F841E4E0BD300562F86 /* Assets.xcassets in Resources */,
			);
			runOnlyForDeploymentPostprocessing = 0;
		};
		B32F0F8B1E4E0BD300562F86 /* Resources */ = {
			isa = PBXResourcesBuildPhase;
			buildActionMask = 2147483647;
			files = (
			);
			runOnlyForDeploymentPostprocessing = 0;
		};
/* End PBXResourcesBuildPhase section */

/* Begin PBXShellScriptBuildPhase section */
		3491038B0D53AE5679D26037 /* [CP] Copy Pods Resources */ = {
			isa = PBXShellScriptBuildPhase;
			buildActionMask = 2147483647;
			files = (
			);
			inputPaths = (
			);
			name = "[CP] Copy Pods Resources";
			outputPaths = (
			);
			runOnlyForDeploymentPostprocessing = 0;
			shellPath = /bin/sh;
			shellScript = "\"${SRCROOT}/Pods/Target Support Files/Pods-dear/Pods-dear-resources.sh\"\n";
			showEnvVarsInLog = 0;
		};
		8687C3E0E7CC4FCD5A8EAB38 /* [CP] Embed Pods Frameworks */ = {
			isa = PBXShellScriptBuildPhase;
			buildActionMask = 2147483647;
			files = (
			);
			inputPaths = (
			);
			name = "[CP] Embed Pods Frameworks";
			outputPaths = (
			);
			runOnlyForDeploymentPostprocessing = 0;
			shellPath = /bin/sh;
			shellScript = "\"${SRCROOT}/Pods/Target Support Files/Pods-dear/Pods-dear-frameworks.sh\"\n";
			showEnvVarsInLog = 0;
		};
		B32F0F9C1E4E0C5A00562F86 /* ShellScript */ = {
			isa = PBXShellScriptBuildPhase;
			buildActionMask = 2147483647;
			files = (
			);
			inputPaths = (
			);
			outputPaths = (
			);
			runOnlyForDeploymentPostprocessing = 0;
			shellPath = /bin/sh;
			shellScript = "\"${PODS_ROOT}/Fabric/run\" b981baa06ef36f4420f3fb881b4e76dffdd1a7dc 8adc410776224e1af24e25720047f23b88f47fc55f54acd8a74d1368344a8b73";
		};
		B6E8C0F6FC7391D18EF2C806 /* [CP] Check Pods Manifest.lock */ = {
			isa = PBXShellScriptBuildPhase;
			buildActionMask = 2147483647;
			files = (
			);
			inputPaths = (
			);
			name = "[CP] Check Pods Manifest.lock";
			outputPaths = (
			);
			runOnlyForDeploymentPostprocessing = 0;
			shellPath = /bin/sh;
			shellScript = "diff \"${PODS_ROOT}/../Podfile.lock\" \"${PODS_ROOT}/Manifest.lock\" > /dev/null\nif [ $? != 0 ] ; then\n    # print error to STDERR\n    echo \"error: The sandbox is not in sync with the Podfile.lock. Run 'pod install' or update your CocoaPods installation.\" >&2\n    exit 1\nfi\n";
			showEnvVarsInLog = 0;
		};
		BA74EDBD4F72E445C2A9FABA /* [CP] Check Pods Manifest.lock */ = {
			isa = PBXShellScriptBuildPhase;
			buildActionMask = 2147483647;
			files = (
			);
			inputPaths = (
			);
			name = "[CP] Check Pods Manifest.lock";
			outputPaths = (
			);
			runOnlyForDeploymentPostprocessing = 0;
			shellPath = /bin/sh;
			shellScript = "diff \"${PODS_ROOT}/../Podfile.lock\" \"${PODS_ROOT}/Manifest.lock\" > /dev/null\nif [ $? != 0 ] ; then\n    # print error to STDERR\n    echo \"error: The sandbox is not in sync with the Podfile.lock. Run 'pod install' or update your CocoaPods installation.\" >&2\n    exit 1\nfi\n";
			showEnvVarsInLog = 0;
		};
		CBB6435298261DCD7A274E43 /* [CP] Embed Pods Frameworks */ = {
			isa = PBXShellScriptBuildPhase;
			buildActionMask = 2147483647;
			files = (
			);
			inputPaths = (
			);
			name = "[CP] Embed Pods Frameworks";
			outputPaths = (
			);
			runOnlyForDeploymentPostprocessing = 0;
			shellPath = /bin/sh;
			shellScript = "\"${SRCROOT}/Pods/Target Support Files/Pods-dearTests/Pods-dearTests-frameworks.sh\"\n";
			showEnvVarsInLog = 0;
		};
		CCA6657CB1BB3084E8650EC3 /* [CP] Copy Pods Resources */ = {
			isa = PBXShellScriptBuildPhase;
			buildActionMask = 2147483647;
			files = (
			);
			inputPaths = (
			);
			name = "[CP] Copy Pods Resources";
			outputPaths = (
			);
			runOnlyForDeploymentPostprocessing = 0;
			shellPath = /bin/sh;
			shellScript = "\"${SRCROOT}/Pods/Target Support Files/Pods-dearTests/Pods-dearTests-resources.sh\"\n";
			showEnvVarsInLog = 0;
		};
/* End PBXShellScriptBuildPhase section */

/* Begin PBXSourcesBuildPhase section */
		B32F0F751E4E0BD300562F86 /* Sources */ = {
			isa = PBXSourcesBuildPhase;
			buildActionMask = 2147483647;
			files = (
				B32F0F7D1E4E0BD300562F86 /* AppDelegate.swift in Sources */,
				B37353D21E51B800008B22D7 /* DateExtension.swift in Sources */,
				B3D9D7B71E59F6FB00699DCD /* AlertHelper.swift in Sources */,
				B3377F1E1E520281001ABFE9 /* SideMenuViewController.swift in Sources */,
				B3E065341E536D40009B67A7 /* DataModel.swift in Sources */,
				B3E065361E537246009B67A7 /* DataSource.swift in Sources */,
				D86C9AE41B04F94050CFC9AD /* APIManager.swift in Sources */,
				D86C9ED2C2F5BFF1917EC6FF /* IntroViewController.swift in Sources */,
				D86C9102E1DA792AD686EFEF /* ConfigManager.swift in Sources */,
				B3ADF68F1E59DCFE00DB0174 /* NotificationManager.swift in Sources */,
				D86C9B10620D074D408E11BA /* CheckPhoneNumberViewController.swift in Sources */,
				D86C942DCCA6F29589BACD20 /* SignUpViewController.swift in Sources */,
				D86C906EE82E13DEABB36457 /* ContentBaseViewController.swift in Sources */,
				D86C93E26F7B5ABE22B59DEF /* WillItemViewController.swift in Sources */,
				16848CEB1E5E7CF300EA15BE /* KeyboardObserver.swift in Sources */,
				D86C9651C6CB7AD0087AFB53 /* TimelineViewController.swift in Sources */,
				D86C9ABAAE36D512B38C74FC /* UIColorExtension.swift in Sources */,
				D86C953118E2280259AE2653 /* UITableViewCellExtension.swift in Sources */,
				D86C9A7F5A62DBD2B2DDF6D4 /* PhotoAnswerCell.swift in Sources */,
				D86C9689C85F2812C712E175 /* QuestionView.swift in Sources */,
				D86C961B9BC70664A0A94367 /* InputView.swift in Sources */,
				D86C9F83E51EB845F506139C /* TextAnswerCell.swift in Sources */,
				D86C9E294B377B907F68447B /* UIWindowExtension.swift in Sources */,
				D86C99D4150DF5263EB278A4 /* FIleManagerExtension.swift in Sources */,
				D86C9A7C0B21580A090EECBE /* UploadManager.swift in Sources */,
				D86C90076E761F83CB2B7425 /* TimelineWillItemCell.swift in Sources */,
				D86C9D7CF3D647F28A1F79F8 /* SignInViewController.swift in Sources */,
				D86C95A32DA32ADE97D3CD33 /* ReadyOnlyPasswordViewController.swift in Sources */,
				D86C95487D63570544CF6829 /* ReadOnlyContnetViewController.swift in Sources */,
				D86C9E556F78C7736113558F /* ReadOnlyDeceasedProfileCell.swift in Sources */,
				D86C975CF7640EED8B13A69F /* ReadOnlyQuestionCell.swift in Sources */,
				D86C955BF84F7A1712A4F904 /* ReadOnlyAnswerCell.swift in Sources */,
				D86C941868EAD4216C270815 /* Photo.swift in Sources */,
				D86C9ABA905A9A6C4772ABAE /* VideoViewer.swift in Sources */,
				D86C98D39DEE20C941557725 /* ReceiverSelectionView.swift in Sources */,
				D86C9E6A8608C4EDE5F42A4D /* ResultExtension.swift in Sources */,
				D86C99A754807C1CFA108AB0 /* Style.swift in Sources */,
				D86C9A109FEE17FD6C89FD3C /* AnswerDateCell.swift in Sources */,
				D86C9EC5BFB4329ABA218655 /* StringExtension.swift in Sources */,
				D86C98706763225275951D78 /* UIViewExtension.swift in Sources */,
				D86C97B90B9F42A942241A21 /* SettingViewController.swift in Sources */,
			);
			runOnlyForDeploymentPostprocessing = 0;
		};
		B32F0F891E4E0BD300562F86 /* Sources */ = {
			isa = PBXSourcesBuildPhase;
			buildActionMask = 2147483647;
			files = (
				B32F0F921E4E0BD300562F86 /* dearTests.swift in Sources */,
			);
			runOnlyForDeploymentPostprocessing = 0;
		};
/* End PBXSourcesBuildPhase section */

/* Begin PBXTargetDependency section */
		B32F0F8F1E4E0BD300562F86 /* PBXTargetDependency */ = {
			isa = PBXTargetDependency;
			target = B32F0F781E4E0BD300562F86 /* dear */;
			targetProxy = B32F0F8E1E4E0BD300562F86 /* PBXContainerItemProxy */;
		};
/* End PBXTargetDependency section */

/* Begin PBXVariantGroup section */
		B32F0F851E4E0BD300562F86 /* LaunchScreen.storyboard */ = {
			isa = PBXVariantGroup;
			children = (
				B32F0F861E4E0BD300562F86 /* Base */,
			);
			name = LaunchScreen.storyboard;
			sourceTree = "<group>";
		};
/* End PBXVariantGroup section */

/* Begin XCBuildConfiguration section */
		B32F0F941E4E0BD300562F86 /* Debug */ = {
			isa = XCBuildConfiguration;
			buildSettings = {
				ALWAYS_SEARCH_USER_PATHS = NO;
				CLANG_ANALYZER_NONNULL = YES;
				CLANG_CXX_LANGUAGE_STANDARD = "gnu++0x";
				CLANG_CXX_LIBRARY = "libc++";
				CLANG_ENABLE_MODULES = YES;
				CLANG_ENABLE_OBJC_ARC = YES;
				CLANG_WARN_BOOL_CONVERSION = YES;
				CLANG_WARN_CONSTANT_CONVERSION = YES;
				CLANG_WARN_DIRECT_OBJC_ISA_USAGE = YES_ERROR;
				CLANG_WARN_DOCUMENTATION_COMMENTS = YES;
				CLANG_WARN_EMPTY_BODY = YES;
				CLANG_WARN_ENUM_CONVERSION = YES;
				CLANG_WARN_INFINITE_RECURSION = YES;
				CLANG_WARN_INT_CONVERSION = YES;
				CLANG_WARN_OBJC_ROOT_CLASS = YES_ERROR;
				CLANG_WARN_SUSPICIOUS_MOVES = YES;
				CLANG_WARN_UNREACHABLE_CODE = YES;
				CLANG_WARN__DUPLICATE_METHOD_MATCH = YES;
				"CODE_SIGN_IDENTITY[sdk=iphoneos*]" = "iPhone Developer";
				COPY_PHASE_STRIP = NO;
				DEBUG_INFORMATION_FORMAT = dwarf;
				ENABLE_STRICT_OBJC_MSGSEND = YES;
				ENABLE_TESTABILITY = YES;
				GCC_C_LANGUAGE_STANDARD = gnu99;
				GCC_DYNAMIC_NO_PIC = NO;
				GCC_NO_COMMON_BLOCKS = YES;
				GCC_OPTIMIZATION_LEVEL = 0;
				GCC_PREPROCESSOR_DEFINITIONS = (
					"DEBUG=1",
					"$(inherited)",
				);
				GCC_WARN_64_TO_32_BIT_CONVERSION = YES;
				GCC_WARN_ABOUT_RETURN_TYPE = YES_ERROR;
				GCC_WARN_UNDECLARED_SELECTOR = YES;
				GCC_WARN_UNINITIALIZED_AUTOS = YES_AGGRESSIVE;
				GCC_WARN_UNUSED_FUNCTION = YES;
				GCC_WARN_UNUSED_VARIABLE = YES;
				IPHONEOS_DEPLOYMENT_TARGET = 10.1;
				MTL_ENABLE_DEBUG_INFO = YES;
				ONLY_ACTIVE_ARCH = YES;
				SDKROOT = iphoneos;
				SWIFT_ACTIVE_COMPILATION_CONDITIONS = DEBUG;
				SWIFT_OPTIMIZATION_LEVEL = "-Onone";
			};
			name = Debug;
		};
		B32F0F951E4E0BD300562F86 /* Release */ = {
			isa = XCBuildConfiguration;
			buildSettings = {
				ALWAYS_SEARCH_USER_PATHS = NO;
				CLANG_ANALYZER_NONNULL = YES;
				CLANG_CXX_LANGUAGE_STANDARD = "gnu++0x";
				CLANG_CXX_LIBRARY = "libc++";
				CLANG_ENABLE_MODULES = YES;
				CLANG_ENABLE_OBJC_ARC = YES;
				CLANG_WARN_BOOL_CONVERSION = YES;
				CLANG_WARN_CONSTANT_CONVERSION = YES;
				CLANG_WARN_DIRECT_OBJC_ISA_USAGE = YES_ERROR;
				CLANG_WARN_DOCUMENTATION_COMMENTS = YES;
				CLANG_WARN_EMPTY_BODY = YES;
				CLANG_WARN_ENUM_CONVERSION = YES;
				CLANG_WARN_INFINITE_RECURSION = YES;
				CLANG_WARN_INT_CONVERSION = YES;
				CLANG_WARN_OBJC_ROOT_CLASS = YES_ERROR;
				CLANG_WARN_SUSPICIOUS_MOVES = YES;
				CLANG_WARN_UNREACHABLE_CODE = YES;
				CLANG_WARN__DUPLICATE_METHOD_MATCH = YES;
				"CODE_SIGN_IDENTITY[sdk=iphoneos*]" = "iPhone Developer";
				COPY_PHASE_STRIP = NO;
				DEBUG_INFORMATION_FORMAT = "dwarf-with-dsym";
				ENABLE_NS_ASSERTIONS = NO;
				ENABLE_STRICT_OBJC_MSGSEND = YES;
				GCC_C_LANGUAGE_STANDARD = gnu99;
				GCC_NO_COMMON_BLOCKS = YES;
				GCC_WARN_64_TO_32_BIT_CONVERSION = YES;
				GCC_WARN_ABOUT_RETURN_TYPE = YES_ERROR;
				GCC_WARN_UNDECLARED_SELECTOR = YES;
				GCC_WARN_UNINITIALIZED_AUTOS = YES_AGGRESSIVE;
				GCC_WARN_UNUSED_FUNCTION = YES;
				GCC_WARN_UNUSED_VARIABLE = YES;
				IPHONEOS_DEPLOYMENT_TARGET = 10.1;
				MTL_ENABLE_DEBUG_INFO = NO;
				SDKROOT = iphoneos;
				SWIFT_OPTIMIZATION_LEVEL = "-Owholemodule";
				VALIDATE_PRODUCT = YES;
			};
			name = Release;
		};
		B32F0F971E4E0BD300562F86 /* Debug */ = {
			isa = XCBuildConfiguration;
			baseConfigurationReference = 8D035A75DF133A418D3FABA6 /* Pods-dear.debug.xcconfig */;
			buildSettings = {
				ASSETCATALOG_COMPILER_APPICON_NAME = AppIcon;
				CODE_SIGN_ENTITLEMENTS = dear/dear.entitlements;
				"CODE_SIGN_IDENTITY[sdk=iphoneos*]" = "iPhone Developer";
				DEVELOPMENT_TEAM = 3KJGH5B54Q;
				INFOPLIST_FILE = dear/Info.plist;
				IPHONEOS_DEPLOYMENT_TARGET = 10.0;
				LD_RUNPATH_SEARCH_PATHS = "$(inherited) @executable_path/Frameworks";
				PRODUCT_BUNDLE_IDENTIFIER = com.bezierpaths.dear;
				PRODUCT_NAME = "$(TARGET_NAME)";
				PROVISIONING_PROFILE = "a52e2f34-d6a4-4e85-927e-a0be6410f00b";
				PROVISIONING_PROFILE_SPECIFIER = dev_dear;
				SWIFT_VERSION = 3.0;
			};
			name = Debug;
		};
		B32F0F981E4E0BD300562F86 /* Release */ = {
			isa = XCBuildConfiguration;
			baseConfigurationReference = 7E47C680BBD37BCCB176E669 /* Pods-dear.release.xcconfig */;
			buildSettings = {
				ASSETCATALOG_COMPILER_APPICON_NAME = AppIcon;
				CODE_SIGN_ENTITLEMENTS = dear/dear.entitlements;
				"CODE_SIGN_IDENTITY[sdk=iphoneos*]" = "iPhone Developer";
				DEVELOPMENT_TEAM = 3KJGH5B54Q;
				INFOPLIST_FILE = dear/Info.plist;
				IPHONEOS_DEPLOYMENT_TARGET = 10.0;
				LD_RUNPATH_SEARCH_PATHS = "$(inherited) @executable_path/Frameworks";
				PRODUCT_BUNDLE_IDENTIFIER = com.bezierpaths.dear;
				PRODUCT_NAME = "$(TARGET_NAME)";
				PROVISIONING_PROFILE = "a52e2f34-d6a4-4e85-927e-a0be6410f00b";
				PROVISIONING_PROFILE_SPECIFIER = dev_dear;
				SWIFT_VERSION = 3.0;
			};
			name = Release;
		};
		B32F0F9A1E4E0BD300562F86 /* Debug */ = {
			isa = XCBuildConfiguration;
			baseConfigurationReference = 8400F4813FACD7E9ED3C7F91 /* Pods-dearTests.debug.xcconfig */;
			buildSettings = {
				ALWAYS_EMBED_SWIFT_STANDARD_LIBRARIES = YES;
				BUNDLE_LOADER = "$(TEST_HOST)";
				DEVELOPMENT_TEAM = 3KJGH5B54Q;
				INFOPLIST_FILE = dearTests/Info.plist;
				LD_RUNPATH_SEARCH_PATHS = "$(inherited) @executable_path/Frameworks @loader_path/Frameworks";
				PRODUCT_BUNDLE_IDENTIFIER = com.bezierpaths.dearTests;
				PRODUCT_NAME = "$(TARGET_NAME)";
				SWIFT_VERSION = 3.0;
				TEST_HOST = "$(BUILT_PRODUCTS_DIR)/dear.app/dear";
			};
			name = Debug;
		};
		B32F0F9B1E4E0BD300562F86 /* Release */ = {
			isa = XCBuildConfiguration;
			baseConfigurationReference = 182203C0668201E466FD0B43 /* Pods-dearTests.release.xcconfig */;
			buildSettings = {
				ALWAYS_EMBED_SWIFT_STANDARD_LIBRARIES = YES;
				BUNDLE_LOADER = "$(TEST_HOST)";
				DEVELOPMENT_TEAM = 3KJGH5B54Q;
				INFOPLIST_FILE = dearTests/Info.plist;
				LD_RUNPATH_SEARCH_PATHS = "$(inherited) @executable_path/Frameworks @loader_path/Frameworks";
				PRODUCT_BUNDLE_IDENTIFIER = com.bezierpaths.dearTests;
				PRODUCT_NAME = "$(TARGET_NAME)";
				SWIFT_VERSION = 3.0;
				TEST_HOST = "$(BUILT_PRODUCTS_DIR)/dear.app/dear";
			};
			name = Release;
		};
		B376B1821E5A001000EFAE14 /* AdHoc */ = {
			isa = XCBuildConfiguration;
			buildSettings = {
				ALWAYS_SEARCH_USER_PATHS = NO;
				CLANG_ANALYZER_NONNULL = YES;
				CLANG_CXX_LANGUAGE_STANDARD = "gnu++0x";
				CLANG_CXX_LIBRARY = "libc++";
				CLANG_ENABLE_MODULES = YES;
				CLANG_ENABLE_OBJC_ARC = YES;
				CLANG_WARN_BOOL_CONVERSION = YES;
				CLANG_WARN_CONSTANT_CONVERSION = YES;
				CLANG_WARN_DIRECT_OBJC_ISA_USAGE = YES_ERROR;
				CLANG_WARN_DOCUMENTATION_COMMENTS = YES;
				CLANG_WARN_EMPTY_BODY = YES;
				CLANG_WARN_ENUM_CONVERSION = YES;
				CLANG_WARN_INFINITE_RECURSION = YES;
				CLANG_WARN_INT_CONVERSION = YES;
				CLANG_WARN_OBJC_ROOT_CLASS = YES_ERROR;
				CLANG_WARN_SUSPICIOUS_MOVES = YES;
				CLANG_WARN_UNREACHABLE_CODE = YES;
				CLANG_WARN__DUPLICATE_METHOD_MATCH = YES;
				"CODE_SIGN_IDENTITY[sdk=iphoneos*]" = "iPhone Developer";
				COPY_PHASE_STRIP = NO;
				DEBUG_INFORMATION_FORMAT = dwarf;
				ENABLE_STRICT_OBJC_MSGSEND = YES;
				ENABLE_TESTABILITY = YES;
				GCC_C_LANGUAGE_STANDARD = gnu99;
				GCC_DYNAMIC_NO_PIC = NO;
				GCC_NO_COMMON_BLOCKS = YES;
				GCC_OPTIMIZATION_LEVEL = 0;
				GCC_PREPROCESSOR_DEFINITIONS = (
					"DEBUG=1",
					"$(inherited)",
				);
				GCC_WARN_64_TO_32_BIT_CONVERSION = YES;
				GCC_WARN_ABOUT_RETURN_TYPE = YES_ERROR;
				GCC_WARN_UNDECLARED_SELECTOR = YES;
				GCC_WARN_UNINITIALIZED_AUTOS = YES_AGGRESSIVE;
				GCC_WARN_UNUSED_FUNCTION = YES;
				GCC_WARN_UNUSED_VARIABLE = YES;
				IPHONEOS_DEPLOYMENT_TARGET = 10.1;
				MTL_ENABLE_DEBUG_INFO = YES;
				ONLY_ACTIVE_ARCH = YES;
				SDKROOT = iphoneos;
				SWIFT_ACTIVE_COMPILATION_CONDITIONS = DEBUG;
				SWIFT_OPTIMIZATION_LEVEL = "-Onone";
			};
			name = AdHoc;
		};
		B376B1831E5A001000EFAE14 /* AdHoc */ = {
			isa = XCBuildConfiguration;
			baseConfigurationReference = FEBDB65FC6581244E8ACE678 /* Pods-dear.adhoc.xcconfig */;
			buildSettings = {
				ASSETCATALOG_COMPILER_APPICON_NAME = AppIcon;
				CODE_SIGN_ENTITLEMENTS = dear/dear.entitlements;
				"CODE_SIGN_IDENTITY[sdk=iphoneos*]" = "iPhone Distribution";
				DEVELOPMENT_TEAM = 3KJGH5B54Q;
				INFOPLIST_FILE = dear/Info.plist;
				IPHONEOS_DEPLOYMENT_TARGET = 10.0;
				LD_RUNPATH_SEARCH_PATHS = "$(inherited) @executable_path/Frameworks";
				PRODUCT_BUNDLE_IDENTIFIER = com.bezierpaths.dear;
				PRODUCT_NAME = "$(TARGET_NAME)";
				PROVISIONING_PROFILE = "0cc6919d-ab68-4d6b-bd2d-bc967777558e";
				PROVISIONING_PROFILE_SPECIFIER = adhoc_dear;
				SWIFT_VERSION = 3.0;
			};
			name = AdHoc;
		};
		B376B1841E5A001000EFAE14 /* AdHoc */ = {
			isa = XCBuildConfiguration;
			baseConfigurationReference = E09043D320DD25DB25752A3B /* Pods-dearTests.adhoc.xcconfig */;
			buildSettings = {
				ALWAYS_EMBED_SWIFT_STANDARD_LIBRARIES = YES;
				BUNDLE_LOADER = "$(TEST_HOST)";
				DEVELOPMENT_TEAM = 3KJGH5B54Q;
				INFOPLIST_FILE = dearTests/Info.plist;
				LD_RUNPATH_SEARCH_PATHS = "$(inherited) @executable_path/Frameworks @loader_path/Frameworks";
				PRODUCT_BUNDLE_IDENTIFIER = com.bezierpaths.dearTests;
				PRODUCT_NAME = "$(TARGET_NAME)";
				SWIFT_VERSION = 3.0;
				TEST_HOST = "$(BUILT_PRODUCTS_DIR)/dear.app/dear";
			};
			name = AdHoc;
		};
/* End XCBuildConfiguration section */

/* Begin XCConfigurationList section */
		B32F0F741E4E0BD300562F86 /* Build configuration list for PBXProject "dear" */ = {
			isa = XCConfigurationList;
			buildConfigurations = (
				B32F0F941E4E0BD300562F86 /* Debug */,
				B376B1821E5A001000EFAE14 /* AdHoc */,
				B32F0F951E4E0BD300562F86 /* Release */,
			);
			defaultConfigurationIsVisible = 0;
			defaultConfigurationName = Release;
		};
		B32F0F961E4E0BD300562F86 /* Build configuration list for PBXNativeTarget "dear" */ = {
			isa = XCConfigurationList;
			buildConfigurations = (
				B32F0F971E4E0BD300562F86 /* Debug */,
				B376B1831E5A001000EFAE14 /* AdHoc */,
				B32F0F981E4E0BD300562F86 /* Release */,
			);
			defaultConfigurationIsVisible = 0;
			defaultConfigurationName = Release;
		};
		B32F0F991E4E0BD300562F86 /* Build configuration list for PBXNativeTarget "dearTests" */ = {
			isa = XCConfigurationList;
			buildConfigurations = (
				B32F0F9A1E4E0BD300562F86 /* Debug */,
				B376B1841E5A001000EFAE14 /* AdHoc */,
				B32F0F9B1E4E0BD300562F86 /* Release */,
			);
			defaultConfigurationIsVisible = 0;
			defaultConfigurationName = Release;
		};
/* End XCConfigurationList section */
	};
	rootObject = B32F0F711E4E0BD300562F86 /* Project object */;
}
